
Microsoft Visual Studio Solution File, Format Version 12.00
# Visual Studio Version 17
VisualStudioVersion = 17.4.33205.214
MinimumVisualStudioVersion = 10.0.40219.1
Project("{FAE04EC0-301F-11D3-BF4B-00C04F79EFBC}") = "UdemyRabbitMQpublisher", "UdemyRabbitMQpublisher\UdemyRabbitMQpublisher.csproj", "{7735F19B-F17D-4559-8FCA-0D1949943114}"
EndProject
Project("{FAE04EC0-301F-11D3-BF4B-00C04F79EFBC}") = "UdemyRabbitMQsubscriber", "UdemyRabbitMQsubscriber\UdemyRabbitMQsubscriber.csproj", "{0C30504B-F3FA-4E85-A0CA-1DA0DD3CE41E}"
EndProject
Global
	GlobalSection(SolutionConfigurationPlatforms) = preSolution
		Debug|Any CPU = Debug|Any CPU
		Release|Any CPU = Release|Any CPU
	EndGlobalSection
	GlobalSection(ProjectConfigurationPlatforms) = postSolution
		{7735F19B-F17D-4559-8FCA-0D1949943114}.Debug|Any CPU.ActiveCfg = Debug|Any CPU
		{7735F19B-F17D-4559-8FCA-0D1949943114}.Debug|Any CPU.Build.0 = Debug|Any CPU
		{7735F19B-F17D-4559-8FCA-0D1949943114}.Release|Any CPU.ActiveCfg = Release|Any CPU
		{7735F19B-F17D-4559-8FCA-0D1949943114}.Release|Any CPU.Build.0 = Release|Any CPU
		{0C30504B-F3FA-4E85-A0CA-1DA0DD3CE41E}.Debug|Any CPU.ActiveCfg = Debug|Any CPU
		{0C30504B-F3FA-4E85-A0CA-1DA0DD3CE41E}.Debug|Any CPU.Build.0 = Debug|Any CPU
		{0C30504B-F3FA-4E85-A0CA-1DA0DD3CE41E}.Release|Any CPU.ActiveCfg = Release|Any CPU
		{0C30504B-F3FA-4E85-A0CA-1DA0DD3CE41E}.Release|Any CPU.Build.0 = Release|Any CPU
	EndGlobalSection
	GlobalSection(SolutionProperties) = preSolution
		HideSolutionNode = FALSE
	EndGlobalSection
	GlobalSection(ExtensibilityGlobals) = postSolution
		SolutionGuid = {C147C5A2-776B-4739-9269-EEEC0FBBA9A2}
	EndGlobalSection
EndGlobal
